# THIS IS AN AUTOGENERATED FILE. DO NOT EDIT THIS FILE DIRECTLY.
# yarn lockfile v1


"@types/fs-extra@^9.0.13":
  "integrity" "sha512-nEnwB++1u5lVDM2UI4c1+5R+FYaKfaAzS4OococimjVm3nQw3TuzH5UNsocrcTBbhnerblyHj4A49qXbIiZdpA=="
  "resolved" "https://registry.npmjs.org/@types/fs-extra/-/fs-extra-9.0.13.tgz"
  "version" "9.0.13"
  dependencies:
    "@types/node" "*"

"@types/node@*":
  "integrity" "sha512-0KXV57tENYmmJMl+FekeW9V3O/rlcqGQQJ/hNh9r8pKIj304pskWuEd8fCyNT86g/TpO0gcOTiLzsHLEURFMIQ=="
  "resolved" "https://registry.npmjs.org/@types/node/-/node-18.11.14.tgz"
  "version" "18.11.14"

"fs-extra@^11.1.0":
  "integrity" "sha512-0rcTq621PD5jM/e0a3EJoGC/1TC5ZBCERW82LQuwfGnCa1V8w7dpYH1yNu+SLb6E5dkeCBzKEyLGlFrnr+dUyw=="
  "resolved" "https://registry.npmjs.org/fs-extra/-/fs-extra-11.1.0.tgz"
  "version" "11.1.0"
  dependencies:
    "graceful-fs" "^4.2.0"
    "jsonfile" "^6.0.1"
    "universalify" "^2.0.0"

"graceful-fs@^4.1.6", "graceful-fs@^4.2.0":
  "integrity" "sha512-9ByhssR2fPVsNZj478qUUbKfmL0+t5BDVyjShtyZZLiK7ZDAArFFfopyOTj0M05wE2tJPisA4iTnnXl2YoPvOA=="
  "resolved" "https://registry.npmjs.org/graceful-fs/-/graceful-fs-4.2.10.tgz"
  "version" "4.2.10"

"jsonfile@^6.0.1":
  "integrity" "sha512-5dgndWOriYSm5cnYaJNhalLNDKOqFwyDB/rr1E9ZsGciGvKPs8R2xYGCacuf3z6K1YKDz182fd+fY3cn3pMqXQ=="
  "resolved" "https://registry.npmjs.org/jsonfile/-/jsonfile-6.1.0.tgz"
  "version" "6.1.0"
  dependencies:
    "universalify" "^2.0.0"
  optionalDependencies:
    "graceful-fs" "^4.1.6"

"node-cmd@^5.0.0":
  "integrity" "sha512-4sQTJmsS5uZKAPz/Df9fnIbmvOySfGdW+UreH4X5NcAOOpKjaE+K5wf4ehNBbZVPo0vQ36RkRnhhsXXJAT+Syw=="
  "resolved" "https://registry.npmjs.org/node-cmd/-/node-cmd-5.0.0.tgz"
  "version" "5.0.0"

"universalify@^2.0.0":
  "integrity" "sha512-hAZsKq7Yy11Zu1DE0OzWjw7nnLZmJZYTDZZyEFHZdUhV8FkH5MCfoU1XMaxXovpyW5nq5scPqq0ZDP9Zyl04oQ=="
  "resolved" "https://registry.npmjs.org/universalify/-/universalify-2.0.0.tgz"
  "version" "2.0.0"
